
Microsoft Visual Studio Solution File, Format Version 12.00
# Visual Studio Version 17
VisualStudioVersion = 17.4.33403.182
MinimumVisualStudioVersion = 10.0.40219.1
Project("{FAE04EC0-301F-11D3-BF4B-00C04F79EFBC}") = "macrix-client", "macrix-client\macrix-client.csproj", "{B31403CC-BE35-45FB-8D2C-563750AF9311}"
EndProject
Global
	GlobalSection(SolutionConfigurationPlatforms) = preSolution
		Debug|Any CPU = Debug|Any CPU
		Release|Any CPU = Release|Any CPU
	EndGlobalSection
	GlobalSection(ProjectConfigurationPlatforms) = postSolution
		{B31403CC-BE35-45FB-8D2C-563750AF9311}.Debug|Any CPU.ActiveCfg = Debug|Any CPU
		{B31403CC-BE35-45FB-8D2C-563750AF9311}.Debug|Any CPU.Build.0 = Debug|Any CPU
		{B31403CC-BE35-45FB-8D2C-563750AF9311}.Release|Any CPU.ActiveCfg = Release|Any CPU
		{B31403CC-BE35-45FB-8D2C-563750AF9311}.Release|Any CPU.Build.0 = Release|Any CPU
	EndGlobalSection
	GlobalSection(SolutionProperties) = preSolution
		HideSolutionNode = FALSE
	EndGlobalSection
	GlobalSection(ExtensibilityGlobals) = postSolution
		SolutionGuid = {086BEC86-03D8-4529-8430-F7B6CD19D2FD}
	EndGlobalSection
EndGlobal
